
Microsoft Visual Studio Solution File, Format Version 12.00
# Visual Studio 2013
VisualStudioVersion = 12.0.31101.0
MinimumVisualStudioVersion = 10.0.40219.1
Project("{FAE04EC0-301F-11D3-BF4B-00C04F79EFBC}") = "changePatientAddress", "changePatientAddress\changePatientAddress.csproj", "{BD0532BE-4AD3-4C8D-ACA1-F9C3C17228EE}"
EndProject
Project("{FAE04EC0-301F-11D3-BF4B-00C04F79EFBC}") = "UnitTestProject1", "UnitTestProject1\UnitTestProject1.csproj", "{8FC2FFDD-02E4-49DB-852D-C968BDE5438F}"
EndProject
Global
	GlobalSection(TeamFoundationVersionControl) = preSolution
		SccNumberOfProjects = 3
		SccEnterpriseProvider = {4CA58AB2-18FA-4F8D-95D4-32DDF27D184C}
		SccTeamFoundationServer = http://192.168.1.154:8080/tfs/test
		SccLocalPath0 = .
		SccProjectUniqueName1 = changePatientAddress\\changePatientAddress.csproj
		SccProjectName1 = changePatientAddress
		SccLocalPath1 = changePatientAddress
		SccProjectUniqueName2 = UnitTestProject1\\UnitTestProject1.csproj
		SccProjectName2 = UnitTestProject1
		SccLocalPath2 = UnitTestProject1
	EndGlobalSection
	GlobalSection(SolutionConfigurationPlatforms) = preSolution
		Debug|Any CPU = Debug|Any CPU
		Release|Any CPU = Release|Any CPU
	EndGlobalSection
	GlobalSection(ProjectConfigurationPlatforms) = postSolution
		{BD0532BE-4AD3-4C8D-ACA1-F9C3C17228EE}.Debug|Any CPU.ActiveCfg = Debug|Any CPU
		{BD0532BE-4AD3-4C8D-ACA1-F9C3C17228EE}.Debug|Any CPU.Build.0 = Debug|Any CPU
		{BD0532BE-4AD3-4C8D-ACA1-F9C3C17228EE}.Release|Any CPU.ActiveCfg = Release|Any CPU
		{BD0532BE-4AD3-4C8D-ACA1-F9C3C17228EE}.Release|Any CPU.Build.0 = Release|Any CPU
		{8FC2FFDD-02E4-49DB-852D-C968BDE5438F}.Debug|Any CPU.ActiveCfg = Debug|Any CPU
		{8FC2FFDD-02E4-49DB-852D-C968BDE5438F}.Debug|Any CPU.Build.0 = Debug|Any CPU
		{8FC2FFDD-02E4-49DB-852D-C968BDE5438F}.Release|Any CPU.ActiveCfg = Release|Any CPU
		{8FC2FFDD-02E4-49DB-852D-C968BDE5438F}.Release|Any CPU.Build.0 = Release|Any CPU
	EndGlobalSection
	GlobalSection(SolutionProperties) = preSolution
		HideSolutionNode = FALSE
	EndGlobalSection
EndGlobal
